{
  "name": "app",
  "lockfileVersion": 2,
  "requires": true,
  "packages": {
    "": {
      "name": "app",
      "dependencies": {
        "@hotwired/stimulus": "^3.1.1",
        "@popperjs/core": "^2.11.6",
        "bootstrap": "^5.2.2",
        "bootstrap-icons": "^1.10.2",
        "esbuild": "^0.15.15",
        "sass": "^1.56.1"
      }
    },
    "node_modules/@esbuild/android-arm": {
      "version": "0.15.15",
      "resolved": "https://registry.npmjs.org/@esbuild/android-arm/-/android-arm-0.15.15.tgz",
      "integrity": "sha512-JJjZjJi2eBL01QJuWjfCdZxcIgot+VoK6Fq7eKF9w4YHm9hwl7nhBR1o2Wnt/WcANk5l9SkpvrldW1PLuXxcbw==",
      "cpu": [
        "arm"
      ],
      "optional": true,
      "os": [
        "android"
      ],
      "engines": {
        "node": ">=12"
      }
    },
    "node_modules/@esbuild/linux-loong64": {
      "version": "0.15.15",
      "resolved": "https://registry.npmjs.org/@esbuild/linux-loong64/-/linux-loong64-0.15.15.tgz",
      "integrity": "sha512-lhz6UNPMDXUhtXSulw8XlFAtSYO26WmHQnCi2Lg2p+/TMiJKNLtZCYUxV4wG6rZMzXmr8InGpNwk+DLT2Hm0PA==",
      "cpu": [
        "loong64"
      ],
      "optional": true,
      "os": [
        "linux"
      ],
      "engines": {
        "node": ">=12"
      }
    },
    "node_modules/@hotwired/stimulus": {
      "version": "3.1.1",
      "resolved": "https://registry.npmjs.org/@hotwired/stimulus/-/stimulus-3.1.1.tgz",
      "integrity": "sha512-e0JpzIaYLsRRXevRDVs0yevabiCvieIWWCwh7VqVXjXM5AOHdjb7AjaKIj34zYFmY1N6HIRRfk915WVMYlHnDA=="
    },
    "node_modules/@popperjs/core": {
      "version": "2.11.6",
      "resolved": "https://registry.npmjs.org/@popperjs/core/-/core-2.11.6.tgz",
      "integrity": "sha512-50/17A98tWUfQ176raKiOGXuYpLyyVMkxxG6oylzL3BPOlA6ADGdK7EYunSa4I064xerltq9TGXs8HmOk5E+vw==",
      "funding": {
        "type": "opencollective",
        "url": "https://opencollective.com/popperjs"
      }
    },
    "node_modules/anymatch": {
      "version": "3.1.2",
      "resolved": "https://registry.npmjs.org/anymatch/-/anymatch-3.1.2.tgz",
      "integrity": "sha512-P43ePfOAIupkguHUycrc4qJ9kz8ZiuOUijaETwX7THt0Y/GNK7v0aa8rY816xWjZ7rJdA5XdMcpVFTKMq+RvWg==",
      "dependencies": {
        "normalize-path": "^3.0.0",
        "picomatch": "^2.0.4"
      },
      "engines": {
        "node": ">= 8"
      }
    },
    "node_modules/binary-extensions": {
      "version": "2.2.0",
      "resolved": "https://registry.npmjs.org/binary-extensions/-/binary-extensions-2.2.0.tgz",
      "integrity": "sha512-jDctJ/IVQbZoJykoeHbhXpOlNBqGNcwXJKJog42E5HDPUwQTSdjCHdihjj0DlnheQ7blbT6dHOafNAiS8ooQKA==",
      "engines": {
        "node": ">=8"
      }
    },
    "node_modules/bootstrap": {
      "version": "5.2.2",
      "resolved": "https://registry.npmjs.org/bootstrap/-/bootstrap-5.2.2.tgz",
      "integrity": "sha512-dEtzMTV71n6Fhmbg4fYJzQsw1N29hJKO1js5ackCgIpDcGid2ETMGC6zwSYw09v05Y+oRdQ9loC54zB1La3hHQ==",
      "funding": [
        {
          "type": "github",
          "url": "https://github.com/sponsors/twbs"
        },
        {
          "type": "opencollective",
          "url": "https://opencollective.com/bootstrap"
        }
      ],
      "peerDependencies": {
        "@popperjs/core": "^2.11.6"
      }
    },
    "node_modules/bootstrap-icons": {
      "version": "1.10.2",
      "resolved": "https://registry.npmjs.org/bootstrap-icons/-/bootstrap-icons-1.10.2.tgz",
      "integrity": "sha512-PTPYadRn1AMGr+QTSxe4ZCc+Wzv9DGZxbi3lNse/dajqV31n2/wl/7NX78ZpkvFgRNmH4ogdIQPQmxAfhEV6nA=="
    },
    "node_modules/braces": {
      "version": "3.0.2",
      "resolved": "https://registry.npmjs.org/braces/-/braces-3.0.2.tgz",
      "integrity": "sha512-b8um+L1RzM3WDSzvhm6gIz1yfTbBt6YTlcEKAvsmqCZZFw46z626lVj9j1yEPW33H5H+lBQpZMP1k8l+78Ha0A==",
      "dependencies": {
        "fill-range": "^7.0.1"
      },
      "engines": {
        "node": ">=8"
      }
    },
    "node_modules/chokidar": {
      "version": "3.5.3",
      "resolved": "https://registry.npmjs.org/chokidar/-/chokidar-3.5.3.tgz",
      "integrity": "sha512-Dr3sfKRP6oTcjf2JmUmFJfeVMvXBdegxB0iVQ5eb2V10uFJUCAS8OByZdVAyVb8xXNz3GjjTgj9kLWsZTqE6kw==",
      "funding": [
        {
          "type": "individual",
          "url": "https://paulmillr.com/funding/"
        }
      ],
      "dependencies": {
        "anymatch": "~3.1.2",
        "braces": "~3.0.2",
        "glob-parent": "~5.1.2",
        "is-binary-path": "~2.1.0",
        "is-glob": "~4.0.1",
        "normalize-path": "~3.0.0",
        "readdirp": "~3.6.0"
      },
      "engines": {
        "node": ">= 8.10.0"
      },
      "optionalDependencies": {
        "fsevents": "~2.3.2"
      }
    },
    "node_modules/esbuild": {
      "version": "0.15.15",
      "resolved": "https://registry.npmjs.org/esbuild/-/esbuild-0.15.15.tgz",
      "integrity": "sha512-TEw/lwK4Zzld9x3FedV6jy8onOUHqcEX3ADFk4k+gzPUwrxn8nWV62tH0udo8jOtjFodlEfc4ypsqX3e+WWO6w==",
      "hasInstallScript": true,
      "bin": {
        "esbuild": "bin/esbuild"
      },
      "engines": {
        "node": ">=12"
      },
      "optionalDependencies": {
        "@esbuild/android-arm": "0.15.15",
        "@esbuild/linux-loong64": "0.15.15",
        "esbuild-android-64": "0.15.15",
        "esbuild-android-arm64": "0.15.15",
        "esbuild-darwin-64": "0.15.15",
        "esbuild-darwin-arm64": "0.15.15",
        "esbuild-freebsd-64": "0.15.15",
        "esbuild-freebsd-arm64": "0.15.15",
        "esbuild-linux-32": "0.15.15",
        "esbuild-linux-64": "0.15.15",
        "esbuild-linux-arm": "0.15.15",
        "esbuild-linux-arm64": "0.15.15",
        "esbuild-linux-mips64le": "0.15.15",
        "esbuild-linux-ppc64le": "0.15.15",
        "esbuild-linux-riscv64": "0.15.15",
        "esbuild-linux-s390x": "0.15.15",
        "esbuild-netbsd-64": "0.15.15",
        "esbuild-openbsd-64": "0.15.15",
        "esbuild-sunos-64": "0.15.15",
        "esbuild-windows-32": "0.15.15",
        "esbuild-windows-64": "0.15.15",
        "esbuild-windows-arm64": "0.15.15"
      }
    },
    "node_modules/esbuild-android-64": {
      "version": "0.15.15",
      "resolved": "https://registry.npmjs.org/esbuild-android-64/-/esbuild-android-64-0.15.15.tgz",
      "integrity": "sha512-F+WjjQxO+JQOva3tJWNdVjouFMLK6R6i5gjDvgUthLYJnIZJsp1HlF523k73hELY20WPyEO8xcz7aaYBVkeg5Q==",
      "cpu": [
        "x64"
      ],
      "optional": true,
      "os": [
        "android"
      ],
      "engines": {
        "node": ">=12"
      }
    },
    "node_modules/esbuild-android-arm64": {
      "version": "0.15.15",
      "resolved": "https://registry.npmjs.org/esbuild-android-arm64/-/esbuild-android-arm64-0.15.15.tgz",
      "integrity": "sha512-attlyhD6Y22jNyQ0fIIQ7mnPvDWKw7k6FKnsXlBvQE6s3z6s6cuEHcSgoirquQc7TmZgVCK5fD/2uxmRN+ZpcQ==",
      "cpu": [
        "arm64"
      ],
      "optional": true,
      "os": [
        "android"
      ],
      "engines": {
        "node": ">=12"
      }
    },
    "node_modules/esbuild-darwin-64": {
      "version": "0.15.15",
      "resolved": "https://registry.npmjs.org/esbuild-darwin-64/-/esbuild-darwin-64-0.15.15.tgz",
      "integrity": "sha512-ohZtF8W1SHJ4JWldsPVdk8st0r9ExbAOSrBOh5L+Mq47i696GVwv1ab/KlmbUoikSTNoXEhDzVpxUR/WIO19FQ==",
      "cpu": [
        "x64"
      ],
      "optional": true,
      "os": [
        "darwin"
      ],
      "engines": {
        "node": ">=12"
      }
    },
    "node_modules/esbuild-darwin-arm64": {
      "version": "0.15.15",
      "resolved": "https://registry.npmjs.org/esbuild-darwin-arm64/-/esbuild-darwin-arm64-0.15.15.tgz",
      "integrity": "sha512-P8jOZ5zshCNIuGn+9KehKs/cq5uIniC+BeCykvdVhx/rBXSxmtj3CUIKZz4sDCuESMbitK54drf/2QX9QHG5Ag==",
      "cpu": [
        "arm64"
      ],
      "optional": true,
      "os": [
        "darwin"
      ],
      "engines": {
        "node": ">=12"
      }
    },
    "node_modules/esbuild-freebsd-64": {
      "version": "0.15.15",
      "resolved": "https://registry.npmjs.org/esbuild-freebsd-64/-/esbuild-freebsd-64-0.15.15.tgz",
      "integrity": "sha512-KkTg+AmDXz1IvA9S1gt8dE24C8Thx0X5oM0KGF322DuP+P3evwTL9YyusHAWNsh4qLsR80nvBr/EIYs29VSwuA==",
      "cpu": [
        "x64"
      ],
      "optional": true,
      "os": [
        "freebsd"
      ],
      "engines": {
        "node": ">=12"
      }
    },
    "node_modules/esbuild-freebsd-arm64": {
      "version": "0.15.15",
      "resolved": "https://registry.npmjs.org/esbuild-freebsd-arm64/-/esbuild-freebsd-arm64-0.15.15.tgz",
      "integrity": "sha512-FUcML0DRsuyqCMfAC+HoeAqvWxMeq0qXvclZZ/lt2kLU6XBnDA5uKTLUd379WYEyVD4KKFctqWd9tTuk8C/96g==",
      "cpu": [
        "arm64"
      ],
      "optional": true,
      "os": [
        "freebsd"
      ],
      "engines": {
        "node": ">=12"
      }
    },
    "node_modules/esbuild-linux-32": {
      "version": "0.15.15",
      "resolved": "https://registry.npmjs.org/esbuild-linux-32/-/esbuild-linux-32-0.15.15.tgz",
      "integrity": "sha512-q28Qn5pZgHNqug02aTkzw5sW9OklSo96b5nm17Mq0pDXrdTBcQ+M6Q9A1B+dalFeynunwh/pvfrNucjzwDXj+Q==",
      "cpu": [
        "ia32"
      ],
      "optional": true,
      "os": [
        "linux"
      ],
      "engines": {
        "node": ">=12"
      }
    },
    "node_modules/esbuild-linux-64": {
      "version": "0.15.15",
      "resolved": "https://registry.npmjs.org/esbuild-linux-64/-/esbuild-linux-64-0.15.15.tgz",
      "integrity": "sha512-217KPmWMirkf8liO+fj2qrPwbIbhNTGNVtvqI1TnOWJgcMjUWvd677Gq3fTzXEjilkx2yWypVnTswM2KbXgoAg==",
      "cpu": [
        "x64"
      ],
      "optional": true,
      "os": [
        "linux"
      ],
      "engines": {
        "node": ">=12"
      }
    },
    "node_modules/esbuild-linux-arm": {
      "version": "0.15.15",
      "resolved": "https://registry.npmjs.org/esbuild-linux-arm/-/esbuild-linux-arm-0.15.15.tgz",
      "integrity": "sha512-RYVW9o2yN8yM7SB1yaWr378CwrjvGCyGybX3SdzPHpikUHkME2AP55Ma20uNwkNyY2eSYFX9D55kDrfQmQBR4w==",
      "cpu": [
        "arm"
      ],
      "optional": true,
      "os": [
        "linux"
      ],
      "engines": {
        "node": ">=12"
      }
    },
    "node_modules/esbuild-linux-arm64": {
      "version": "0.15.15",
      "resolved": "https://registry.npmjs.org/esbuild-linux-arm64/-/esbuild-linux-arm64-0.15.15.tgz",
      "integrity": "sha512-/ltmNFs0FivZkYsTzAsXIfLQX38lFnwJTWCJts0IbCqWZQe+jjj0vYBNbI0kmXLb3y5NljiM5USVAO1NVkdh2g==",
      "cpu": [
        "arm64"
      ],
      "optional": true,
      "os": [
        "linux"
      ],
      "engines": {
        "node": ">=12"
      }
    },
    "node_modules/esbuild-linux-mips64le": {
      "version": "0.15.15",
      "resolved": "https://registry.npmjs.org/esbuild-linux-mips64le/-/esbuild-linux-mips64le-0.15.15.tgz",
      "integrity": "sha512-PksEPb321/28GFFxtvL33yVPfnMZihxkEv5zME2zapXGp7fA1X2jYeiTUK+9tJ/EGgcNWuwvtawPxJG7Mmn86A==",
      "cpu": [
        "mips64el"
      ],
      "optional": true,
      "os": [
        "linux"
      ],
      "engines": {
        "node": ">=12"
      }
    },
    "node_modules/esbuild-linux-ppc64le": {
      "version": "0.15.15",
      "resolved": "https://registry.npmjs.org/esbuild-linux-ppc64le/-/esbuild-linux-ppc64le-0.15.15.tgz",
      "integrity": "sha512-ek8gJBEIhcpGI327eAZigBOHl58QqrJrYYIZBWQCnH3UnXoeWMrMZLeeZL8BI2XMBhP+sQ6ERctD5X+ajL/AIA==",
      "cpu": [
        "ppc64"
      ],
      "optional": true,
      "os": [
        "linux"
      ],
      "engines": {
        "node": ">=12"
      }
    },
    "node_modules/esbuild-linux-riscv64": {
      "version": "0.15.15",
      "resolved": "https://registry.npmjs.org/esbuild-linux-riscv64/-/esbuild-linux-riscv64-0.15.15.tgz",
      "integrity": "sha512-H5ilTZb33/GnUBrZMNJtBk7/OXzDHDXjIzoLXHSutwwsLxSNaLxzAaMoDGDd/keZoS+GDBqNVxdCkpuiRW4OSw==",
      "cpu": [
        "riscv64"
      ],
      "optional": true,
      "os": [
        "linux"
      ],
      "engines": {
        "node": ">=12"
      }
    },
    "node_modules/esbuild-linux-s390x": {
      "version": "0.15.15",
      "resolved": "https://registry.npmjs.org/esbuild-linux-s390x/-/esbuild-linux-s390x-0.15.15.tgz",
      "integrity": "sha512-jKaLUg78mua3rrtrkpv4Or2dNTJU7bgHN4bEjT4OX4GR7nLBSA9dfJezQouTxMmIW7opwEC5/iR9mpC18utnxQ==",
      "cpu": [
        "s390x"
      ],
      "optional": true,
      "os": [
        "linux"
      ],
      "engines": {
        "node": ">=12"
      }
    },
    "node_modules/esbuild-netbsd-64": {
      "version": "0.15.15",
      "resolved": "https://registry.npmjs.org/esbuild-netbsd-64/-/esbuild-netbsd-64-0.15.15.tgz",
      "integrity": "sha512-aOvmF/UkjFuW6F36HbIlImJTTx45KUCHJndtKo+KdP8Dhq3mgLRKW9+6Ircpm8bX/RcS3zZMMmaBLkvGY06Gvw==",
      "cpu": [
        "x64"
      ],
      "optional": true,
      "os": [
        "netbsd"
      ],
      "engines": {
        "node": ">=12"
      }
    },
    "node_modules/esbuild-openbsd-64": {
      "version": "0.15.15",
      "resolved": "https://registry.npmjs.org/esbuild-openbsd-64/-/esbuild-openbsd-64-0.15.15.tgz",
      "integrity": "sha512-HFFX+WYedx1w2yJ1VyR1Dfo8zyYGQZf1cA69bLdrHzu9svj6KH6ZLK0k3A1/LFPhcEY9idSOhsB2UyU0tHPxgQ==",
      "cpu": [
        "x64"
      ],
      "optional": true,
      "os": [
        "openbsd"
      ],
      "engines": {
        "node": ">=12"
      }
    },
    "node_modules/esbuild-sunos-64": {
      "version": "0.15.15",
      "resolved": "https://registry.npmjs.org/esbuild-sunos-64/-/esbuild-sunos-64-0.15.15.tgz",
      "integrity": "sha512-jOPBudffG4HN8yJXcK9rib/ZTFoTA5pvIKbRrt3IKAGMq1EpBi4xoVoSRrq/0d4OgZLaQbmkHp8RO9eZIn5atA==",
      "cpu": [
        "x64"
      ],
      "optional": true,
      "os": [
        "sunos"
      ],
      "engines": {
        "node": ">=12"
      }
    },
    "node_modules/esbuild-windows-32": {
      "version": "0.15.15",
      "resolved": "https://registry.npmjs.org/esbuild-windows-32/-/esbuild-windows-32-0.15.15.tgz",
      "integrity": "sha512-MDkJ3QkjnCetKF0fKxCyYNBnOq6dmidcwstBVeMtXSgGYTy8XSwBeIE4+HuKiSsG6I/mXEb++px3IGSmTN0XiA==",
      "cpu": [
        "ia32"
      ],
      "optional": true,
      "os": [
        "win32"
      ],
      "engines": {
        "node": ">=12"
      }
    },
    "node_modules/esbuild-windows-64": {
      "version": "0.15.15",
      "resolved": "https://registry.npmjs.org/esbuild-windows-64/-/esbuild-windows-64-0.15.15.tgz",
      "integrity": "sha512-xaAUIB2qllE888SsMU3j9nrqyLbkqqkpQyWVkfwSil6BBPgcPk3zOFitTTncEKCLTQy3XV9RuH7PDj3aJDljWA==",
      "cpu": [
        "x64"
      ],
      "optional": true,
      "os": [
        "win32"
      ],
      "engines": {
        "node": ">=12"
      }
    },
    "node_modules/esbuild-windows-arm64": {
      "version": "0.15.15",
      "resolved": "https://registry.npmjs.org/esbuild-windows-arm64/-/esbuild-windows-arm64-0.15.15.tgz",
      "integrity": "sha512-ttuoCYCIJAFx4UUKKWYnFdrVpoXa3+3WWkXVI6s09U+YjhnyM5h96ewTq/WgQj9LFSIlABQvadHSOQyAVjW5xQ==",
      "cpu": [
        "arm64"
      ],
      "optional": true,
      "os": [
        "win32"
      ],
      "engines": {
        "node": ">=12"
      }
    },
    "node_modules/fill-range": {
      "version": "7.0.1",
      "resolved": "https://registry.npmjs.org/fill-range/-/fill-range-7.0.1.tgz",
      "integrity": "sha512-qOo9F+dMUmC2Lcb4BbVvnKJxTPjCm+RRpe4gDuGrzkL7mEVl/djYSu2OdQ2Pa302N4oqkSg9ir6jaLWJ2USVpQ==",
      "dependencies": {
        "to-regex-range": "^5.0.1"
      },
      "engines": {
        "node": ">=8"
      }
    },
    "node_modules/fsevents": {
      "version": "2.3.2",
      "resolved": "https://registry.npmjs.org/fsevents/-/fsevents-2.3.2.tgz",
      "integrity": "sha512-xiqMQR4xAeHTuB9uWm+fFRcIOgKBMiOBP+eXiyT7jsgVCq1bkVygt00oASowB7EdtpOHaaPgKt812P9ab+DDKA==",
      "hasInstallScript": true,
      "optional": true,
      "os": [
        "darwin"
      ],
      "engines": {
        "node": "^8.16.0 || ^10.6.0 || >=11.0.0"
      }
    },
    "node_modules/glob-parent": {
      "version": "5.1.2",
      "resolved": "https://registry.npmjs.org/glob-parent/-/glob-parent-5.1.2.tgz",
      "integrity": "sha512-AOIgSQCepiJYwP3ARnGx+5VnTu2HBYdzbGP45eLw1vr3zB3vZLeyed1sC9hnbcOc9/SrMyM5RPQrkGz4aS9Zow==",
      "dependencies": {
        "is-glob": "^4.0.1"
      },
      "engines": {
        "node": ">= 6"
      }
    },
    "node_modules/immutable": {
      "version": "4.1.0",
      "resolved": "https://registry.npmjs.org/immutable/-/immutable-4.1.0.tgz",
      "integrity": "sha512-oNkuqVTA8jqG1Q6c+UglTOD1xhC1BtjKI7XkCXRkZHrN5m18/XsnUp8Q89GkQO/z+0WjonSvl0FLhDYftp46nQ=="
    },
    "node_modules/is-binary-path": {
      "version": "2.1.0",
      "resolved": "https://registry.npmjs.org/is-binary-path/-/is-binary-path-2.1.0.tgz",
      "integrity": "sha512-ZMERYes6pDydyuGidse7OsHxtbI7WVeUEozgR/g7rd0xUimYNlvZRE/K2MgZTjWy725IfelLeVcEM97mmtRGXw==",
      "dependencies": {
        "binary-extensions": "^2.0.0"
      },
      "engines": {
        "node": ">=8"
      }
    },
    "node_modules/is-extglob": {
      "version": "2.1.1",
      "resolved": "https://registry.npmjs.org/is-extglob/-/is-extglob-2.1.1.tgz",
      "integrity": "sha512-SbKbANkN603Vi4jEZv49LeVJMn4yGwsbzZworEoyEiutsN3nJYdbO36zfhGJ6QEDpOZIFkDtnq5JRxmvl3jsoQ==",
      "engines": {
        "node": ">=0.10.0"
      }
    },
    "node_modules/is-glob": {
      "version": "4.0.3",
      "resolved": "https://registry.npmjs.org/is-glob/-/is-glob-4.0.3.tgz",
      "integrity": "sha512-xelSayHH36ZgE7ZWhli7pW34hNbNl8Ojv5KVmkJD4hBdD3th8Tfk9vYasLM+mXWOZhFkgZfxhLSnrwRr4elSSg==",
      "dependencies": {
        "is-extglob": "^2.1.1"
      },
      "engines": {
        "node": ">=0.10.0"
      }
    },
    "node_modules/is-number": {
      "version": "7.0.0",
      "resolved": "https://registry.npmjs.org/is-number/-/is-number-7.0.0.tgz",
      "integrity": "sha512-41Cifkg6e8TylSpdtTpeLVMqvSBEVzTttHvERD741+pnZ8ANv0004MRL43QKPDlK9cGvNp6NZWZUBlbGXYxxng==",
      "engines": {
        "node": ">=0.12.0"
      }
    },
    "node_modules/normalize-path": {
      "version": "3.0.0",
      "resolved": "https://registry.npmjs.org/normalize-path/-/normalize-path-3.0.0.tgz",
      "integrity": "sha512-6eZs5Ls3WtCisHWp9S2GUy8dqkpGi4BVSz3GaqiE6ezub0512ESztXUwUB6C6IKbQkY2Pnb/mD4WYojCRwcwLA==",
      "engines": {
        "node": ">=0.10.0"
      }
    },
    "node_modules/picomatch": {
      "version": "2.3.1",
      "resolved": "https://registry.npmjs.org/picomatch/-/picomatch-2.3.1.tgz",
      "integrity": "sha512-JU3teHTNjmE2VCGFzuY8EXzCDVwEqB2a8fsIvwaStHhAWJEeVd1o1QD80CU6+ZdEXXSLbSsuLwJjkCBWqRQUVA==",
      "engines": {
        "node": ">=8.6"
      },
      "funding": {
        "url": "https://github.com/sponsors/jonschlinkert"
      }
    },
    "node_modules/readdirp": {
      "version": "3.6.0",
      "resolved": "https://registry.npmjs.org/readdirp/-/readdirp-3.6.0.tgz",
      "integrity": "sha512-hOS089on8RduqdbhvQ5Z37A0ESjsqz6qnRcffsMU3495FuTdqSm+7bhJ29JvIOsBDEEnan5DPu9t3To9VRlMzA==",
      "dependencies": {
        "picomatch": "^2.2.1"
      },
      "engines": {
        "node": ">=8.10.0"
      }
    },
    "node_modules/sass": {
      "version": "1.56.1",
      "resolved": "https://registry.npmjs.org/sass/-/sass-1.56.1.tgz",
      "integrity": "sha512-VpEyKpyBPCxE7qGDtOcdJ6fFbcpOM+Emu7uZLxVrkX8KVU/Dp5UF7WLvzqRuUhB6mqqQt1xffLoG+AndxTZrCQ==",
      "dependencies": {
        "chokidar": ">=3.0.0 <4.0.0",
        "immutable": "^4.0.0",
        "source-map-js": ">=0.6.2 <2.0.0"
      },
      "bin": {
        "sass": "sass.js"
      },
      "engines": {
        "node": ">=12.0.0"
      }
    },
    "node_modules/source-map-js": {
      "version": "1.0.2",
      "resolved": "https://registry.npmjs.org/source-map-js/-/source-map-js-1.0.2.tgz",
      "integrity": "sha512-R0XvVJ9WusLiqTCEiGCmICCMplcCkIwwR11mOSD9CR5u+IXYdiseeEuXCVAjS54zqwkLcPNnmU4OeJ6tUrWhDw==",
      "engines": {
        "node": ">=0.10.0"
      }
    },
    "node_modules/to-regex-range": {
      "version": "5.0.1",
      "resolved": "https://registry.npmjs.org/to-regex-range/-/to-regex-range-5.0.1.tgz",
      "integrity": "sha512-65P7iz6X5yEr1cwcgvQxbbIw7Uk3gOy5dIdtZ4rDveLqhrdJP+Li/Hx6tyK0NEb+2GCyneCMJiGqrADCSNk8sQ==",
      "dependencies": {
        "is-number": "^7.0.0"
      },
      "engines": {
        "node": ">=8.0"
      }
    }
  },
  "dependencies": {
    "@esbuild/android-arm": {
      "version": "0.15.15",
      "resolved": "https://registry.npmjs.org/@esbuild/android-arm/-/android-arm-0.15.15.tgz",
      "integrity": "sha512-JJjZjJi2eBL01QJuWjfCdZxcIgot+VoK6Fq7eKF9w4YHm9hwl7nhBR1o2Wnt/WcANk5l9SkpvrldW1PLuXxcbw==",
      "optional": true
    },
    "@esbuild/linux-loong64": {
      "version": "0.15.15",
      "resolved": "https://registry.npmjs.org/@esbuild/linux-loong64/-/linux-loong64-0.15.15.tgz",
      "integrity": "sha512-lhz6UNPMDXUhtXSulw8XlFAtSYO26WmHQnCi2Lg2p+/TMiJKNLtZCYUxV4wG6rZMzXmr8InGpNwk+DLT2Hm0PA==",
      "optional": true
    },
    "@hotwired/stimulus": {
      "version": "3.1.1",
      "resolved": "https://registry.npmjs.org/@hotwired/stimulus/-/stimulus-3.1.1.tgz",
      "integrity": "sha512-e0JpzIaYLsRRXevRDVs0yevabiCvieIWWCwh7VqVXjXM5AOHdjb7AjaKIj34zYFmY1N6HIRRfk915WVMYlHnDA=="
    },
    "@popperjs/core": {
      "version": "2.11.6",
      "resolved": "https://registry.npmjs.org/@popperjs/core/-/core-2.11.6.tgz",
      "integrity": "sha512-50/17A98tWUfQ176raKiOGXuYpLyyVMkxxG6oylzL3BPOlA6ADGdK7EYunSa4I064xerltq9TGXs8HmOk5E+vw=="
    },
    "anymatch": {
      "version": "3.1.2",
      "resolved": "https://registry.npmjs.org/anymatch/-/anymatch-3.1.2.tgz",
      "integrity": "sha512-P43ePfOAIupkguHUycrc4qJ9kz8ZiuOUijaETwX7THt0Y/GNK7v0aa8rY816xWjZ7rJdA5XdMcpVFTKMq+RvWg==",
      "requires": {
        "normalize-path": "^3.0.0",
        "picomatch": "^2.0.4"
      }
    },
    "binary-extensions": {
      "version": "2.2.0",
      "resolved": "https://registry.npmjs.org/binary-extensions/-/binary-extensions-2.2.0.tgz",
      "integrity": "sha512-jDctJ/IVQbZoJykoeHbhXpOlNBqGNcwXJKJog42E5HDPUwQTSdjCHdihjj0DlnheQ7blbT6dHOafNAiS8ooQKA=="
    },
    "bootstrap": {
      "version": "5.2.2",
      "resolved": "https://registry.npmjs.org/bootstrap/-/bootstrap-5.2.2.tgz",
      "integrity": "sha512-dEtzMTV71n6Fhmbg4fYJzQsw1N29hJKO1js5ackCgIpDcGid2ETMGC6zwSYw09v05Y+oRdQ9loC54zB1La3hHQ==",
      "requires": {}
    },
    "bootstrap-icons": {
      "version": "1.10.2",
      "resolved": "https://registry.npmjs.org/bootstrap-icons/-/bootstrap-icons-1.10.2.tgz",
      "integrity": "sha512-PTPYadRn1AMGr+QTSxe4ZCc+Wzv9DGZxbi3lNse/dajqV31n2/wl/7NX78ZpkvFgRNmH4ogdIQPQmxAfhEV6nA=="
    },
    "braces": {
      "version": "3.0.2",
      "resolved": "https://registry.npmjs.org/braces/-/braces-3.0.2.tgz",
      "integrity": "sha512-b8um+L1RzM3WDSzvhm6gIz1yfTbBt6YTlcEKAvsmqCZZFw46z626lVj9j1yEPW33H5H+lBQpZMP1k8l+78Ha0A==",
      "requires": {
        "fill-range": "^7.0.1"
      }
    },
    "chokidar": {
      "version": "3.5.3",
      "resolved": "https://registry.npmjs.org/chokidar/-/chokidar-3.5.3.tgz",
      "integrity": "sha512-Dr3sfKRP6oTcjf2JmUmFJfeVMvXBdegxB0iVQ5eb2V10uFJUCAS8OByZdVAyVb8xXNz3GjjTgj9kLWsZTqE6kw==",
      "requires": {
        "anymatch": "~3.1.2",
        "braces": "~3.0.2",
        "fsevents": "~2.3.2",
        "glob-parent": "~5.1.2",
        "is-binary-path": "~2.1.0",
        "is-glob": "~4.0.1",
        "normalize-path": "~3.0.0",
        "readdirp": "~3.6.0"
      }
    },
    "esbuild": {
      "version": "0.15.15",
      "resolved": "https://registry.npmjs.org/esbuild/-/esbuild-0.15.15.tgz",
      "integrity": "sha512-TEw/lwK4Zzld9x3FedV6jy8onOUHqcEX3ADFk4k+gzPUwrxn8nWV62tH0udo8jOtjFodlEfc4ypsqX3e+WWO6w==",
      "requires": {
        "@esbuild/android-arm": "0.15.15",
        "@esbuild/linux-loong64": "0.15.15",
        "esbuild-android-64": "0.15.15",
        "esbuild-android-arm64": "0.15.15",
        "esbuild-darwin-64": "0.15.15",
        "esbuild-darwin-arm64": "0.15.15",
        "esbuild-freebsd-64": "0.15.15",
        "esbuild-freebsd-arm64": "0.15.15",
        "esbuild-linux-32": "0.15.15",
        "esbuild-linux-64": "0.15.15",
        "esbuild-linux-arm": "0.15.15",
        "esbuild-linux-arm64": "0.15.15",
        "esbuild-linux-mips64le": "0.15.15",
        "esbuild-linux-ppc64le": "0.15.15",
        "esbuild-linux-riscv64": "0.15.15",
        "esbuild-linux-s390x": "0.15.15",
        "esbuild-netbsd-64": "0.15.15",
        "esbuild-openbsd-64": "0.15.15",
        "esbuild-sunos-64": "0.15.15",
        "esbuild-windows-32": "0.15.15",
        "esbuild-windows-64": "0.15.15",
        "esbuild-windows-arm64": "0.15.15"
      }
    },
    "esbuild-android-64": {
      "version": "0.15.15",
      "resolved": "https://registry.npmjs.org/esbuild-android-64/-/esbuild-android-64-0.15.15.tgz",
      "integrity": "sha512-F+WjjQxO+JQOva3tJWNdVjouFMLK6R6i5gjDvgUthLYJnIZJsp1HlF523k73hELY20WPyEO8xcz7aaYBVkeg5Q==",
      "optional": true
    },
    "esbuild-android-arm64": {
      "version": "0.15.15",
      "resolved": "https://registry.npmjs.org/esbuild-android-arm64/-/esbuild-android-arm64-0.15.15.tgz",
      "integrity": "sha512-attlyhD6Y22jNyQ0fIIQ7mnPvDWKw7k6FKnsXlBvQE6s3z6s6cuEHcSgoirquQc7TmZgVCK5fD/2uxmRN+ZpcQ==",
      "optional": true
    },
    "esbuild-darwin-64": {
      "version": "0.15.15",
      "resolved": "https://registry.npmjs.org/esbuild-darwin-64/-/esbuild-darwin-64-0.15.15.tgz",
      "integrity": "sha512-ohZtF8W1SHJ4JWldsPVdk8st0r9ExbAOSrBOh5L+Mq47i696GVwv1ab/KlmbUoikSTNoXEhDzVpxUR/WIO19FQ==",
      "optional": true
    },
    "esbuild-darwin-arm64": {
      "version": "0.15.15",
      "resolved": "https://registry.npmjs.org/esbuild-darwin-arm64/-/esbuild-darwin-arm64-0.15.15.tgz",
      "integrity": "sha512-P8jOZ5zshCNIuGn+9KehKs/cq5uIniC+BeCykvdVhx/rBXSxmtj3CUIKZz4sDCuESMbitK54drf/2QX9QHG5Ag==",
      "optional": true
    },
    "esbuild-freebsd-64": {
      "version": "0.15.15",
      "resolved": "https://registry.npmjs.org/esbuild-freebsd-64/-/esbuild-freebsd-64-0.15.15.tgz",
      "integrity": "sha512-KkTg+AmDXz1IvA9S1gt8dE24C8Thx0X5oM0KGF322DuP+P3evwTL9YyusHAWNsh4qLsR80nvBr/EIYs29VSwuA==",
      "optional": true
    },
    "esbuild-freebsd-arm64": {
      "version": "0.15.15",
      "resolved": "https://registry.npmjs.org/esbuild-freebsd-arm64/-/esbuild-freebsd-arm64-0.15.15.tgz",
      "integrity": "sha512-FUcML0DRsuyqCMfAC+HoeAqvWxMeq0qXvclZZ/lt2kLU6XBnDA5uKTLUd379WYEyVD4KKFctqWd9tTuk8C/96g==",
      "optional": true
    },
    "esbuild-linux-32": {
      "version": "0.15.15",
      "resolved": "https://registry.npmjs.org/esbuild-linux-32/-/esbuild-linux-32-0.15.15.tgz",
      "integrity": "sha512-q28Qn5pZgHNqug02aTkzw5sW9OklSo96b5nm17Mq0pDXrdTBcQ+M6Q9A1B+dalFeynunwh/pvfrNucjzwDXj+Q==",
      "optional": true
    },
    "esbuild-linux-64": {
      "version": "0.15.15",
      "resolved": "https://registry.npmjs.org/esbuild-linux-64/-/esbuild-linux-64-0.15.15.tgz",
      "integrity": "sha512-217KPmWMirkf8liO+fj2qrPwbIbhNTGNVtvqI1TnOWJgcMjUWvd677Gq3fTzXEjilkx2yWypVnTswM2KbXgoAg==",
      "optional": true
    },
    "esbuild-linux-arm": {
      "version": "0.15.15",
      "resolved": "https://registry.npmjs.org/esbuild-linux-arm/-/esbuild-linux-arm-0.15.15.tgz",
      "integrity": "sha512-RYVW9o2yN8yM7SB1yaWr378CwrjvGCyGybX3SdzPHpikUHkME2AP55Ma20uNwkNyY2eSYFX9D55kDrfQmQBR4w==",
      "optional": true
    },
    "esbuild-linux-arm64": {
      "version": "0.15.15",
      "resolved": "https://registry.npmjs.org/esbuild-linux-arm64/-/esbuild-linux-arm64-0.15.15.tgz",
      "integrity": "sha512-/ltmNFs0FivZkYsTzAsXIfLQX38lFnwJTWCJts0IbCqWZQe+jjj0vYBNbI0kmXLb3y5NljiM5USVAO1NVkdh2g==",
      "optional": true
    },
    "esbuild-linux-mips64le": {
      "version": "0.15.15",
      "resolved": "https://registry.npmjs.org/esbuild-linux-mips64le/-/esbuild-linux-mips64le-0.15.15.tgz",
      "integrity": "sha512-PksEPb321/28GFFxtvL33yVPfnMZihxkEv5zME2zapXGp7fA1X2jYeiTUK+9tJ/EGgcNWuwvtawPxJG7Mmn86A==",
      "optional": true
    },
    "esbuild-linux-ppc64le": {
      "version": "0.15.15",
      "resolved": "https://registry.npmjs.org/esbuild-linux-ppc64le/-/esbuild-linux-ppc64le-0.15.15.tgz",
      "integrity": "sha512-ek8gJBEIhcpGI327eAZigBOHl58QqrJrYYIZBWQCnH3UnXoeWMrMZLeeZL8BI2XMBhP+sQ6ERctD5X+ajL/AIA==",
      "optional": true
    },
    "esbuild-linux-riscv64": {
      "version": "0.15.15",
      "resolved": "https://registry.npmjs.org/esbuild-linux-riscv64/-/esbuild-linux-riscv64-0.15.15.tgz",
      "integrity": "sha512-H5ilTZb33/GnUBrZMNJtBk7/OXzDHDXjIzoLXHSutwwsLxSNaLxzAaMoDGDd/keZoS+GDBqNVxdCkpuiRW4OSw==",
      "optional": true
    },
    "esbuild-linux-s390x": {
      "version": "0.15.15",
      "resolved": "https://registry.npmjs.org/esbuild-linux-s390x/-/esbuild-linux-s390x-0.15.15.tgz",
      "integrity": "sha512-jKaLUg78mua3rrtrkpv4Or2dNTJU7bgHN4bEjT4OX4GR7nLBSA9dfJezQouTxMmIW7opwEC5/iR9mpC18utnxQ==",
      "optional": true
    },
    "esbuild-netbsd-64": {
      "version": "0.15.15",
      "resolved": "https://registry.npmjs.org/esbuild-netbsd-64/-/esbuild-netbsd-64-0.15.15.tgz",
      "integrity": "sha512-aOvmF/UkjFuW6F36HbIlImJTTx45KUCHJndtKo+KdP8Dhq3mgLRKW9+6Ircpm8bX/RcS3zZMMmaBLkvGY06Gvw==",
      "optional": true
    },
    "esbuild-openbsd-64": {
      "version": "0.15.15",
      "resolved": "https://registry.npmjs.org/esbuild-openbsd-64/-/esbuild-openbsd-64-0.15.15.tgz",
      "integrity": "sha512-HFFX+WYedx1w2yJ1VyR1Dfo8zyYGQZf1cA69bLdrHzu9svj6KH6ZLK0k3A1/LFPhcEY9idSOhsB2UyU0tHPxgQ==",
      "optional": true
    },
    "esbuild-sunos-64": {
      "version": "0.15.15",
      "resolved": "https://registry.npmjs.org/esbuild-sunos-64/-/esbuild-sunos-64-0.15.15.tgz",
      "integrity": "sha512-jOPBudffG4HN8yJXcK9rib/ZTFoTA5pvIKbRrt3IKAGMq1EpBi4xoVoSRrq/0d4OgZLaQbmkHp8RO9eZIn5atA==",
      "optional": true
    },
    "esbuild-windows-32": {
      "version": "0.15.15",
      "resolved": "https://registry.npmjs.org/esbuild-windows-32/-/esbuild-windows-32-0.15.15.tgz",
      "integrity": "sha512-MDkJ3QkjnCetKF0fKxCyYNBnOq6dmidcwstBVeMtXSgGYTy8XSwBeIE4+HuKiSsG6I/mXEb++px3IGSmTN0XiA==",
      "optional": true
    },
    "esbuild-windows-64": {
      "version": "0.15.15",
      "resolved": "https://registry.npmjs.org/esbuild-windows-64/-/esbuild-windows-64-0.15.15.tgz",
      "integrity": "sha512-xaAUIB2qllE888SsMU3j9nrqyLbkqqkpQyWVkfwSil6BBPgcPk3zOFitTTncEKCLTQy3XV9RuH7PDj3aJDljWA==",
      "optional": true
    },
    "esbuild-windows-arm64": {
      "version": "0.15.15",
      "resolved": "https://registry.npmjs.org/esbuild-windows-arm64/-/esbuild-windows-arm64-0.15.15.tgz",
      "integrity": "sha512-ttuoCYCIJAFx4UUKKWYnFdrVpoXa3+3WWkXVI6s09U+YjhnyM5h96ewTq/WgQj9LFSIlABQvadHSOQyAVjW5xQ==",
      "optional": true
    },
    "fill-range": {
      "version": "7.0.1",
      "resolved": "https://registry.npmjs.org/fill-range/-/fill-range-7.0.1.tgz",
      "integrity": "sha512-qOo9F+dMUmC2Lcb4BbVvnKJxTPjCm+RRpe4gDuGrzkL7mEVl/djYSu2OdQ2Pa302N4oqkSg9ir6jaLWJ2USVpQ==",
      "requires": {
        "to-regex-range": "^5.0.1"
      }
    },
    "fsevents": {
      "version": "2.3.2",
      "resolved": "https://registry.npmjs.org/fsevents/-/fsevents-2.3.2.tgz",
      "integrity": "sha512-xiqMQR4xAeHTuB9uWm+fFRcIOgKBMiOBP+eXiyT7jsgVCq1bkVygt00oASowB7EdtpOHaaPgKt812P9ab+DDKA==",
      "optional": true
    },
    "glob-parent": {
      "version": "5.1.2",
      "resolved": "https://registry.npmjs.org/glob-parent/-/glob-parent-5.1.2.tgz",
      "integrity": "sha512-AOIgSQCepiJYwP3ARnGx+5VnTu2HBYdzbGP45eLw1vr3zB3vZLeyed1sC9hnbcOc9/SrMyM5RPQrkGz4aS9Zow==",
      "requires": {
        "is-glob": "^4.0.1"
      }
    },
    "immutable": {
      "version": "4.1.0",
      "resolved": "https://registry.npmjs.org/immutable/-/immutable-4.1.0.tgz",
      "integrity": "sha512-oNkuqVTA8jqG1Q6c+UglTOD1xhC1BtjKI7XkCXRkZHrN5m18/XsnUp8Q89GkQO/z+0WjonSvl0FLhDYftp46nQ=="
    },
    "is-binary-path": {
      "version": "2.1.0",
      "resolved": "https://registry.npmjs.org/is-binary-path/-/is-binary-path-2.1.0.tgz",
      "integrity": "sha512-ZMERYes6pDydyuGidse7OsHxtbI7WVeUEozgR/g7rd0xUimYNlvZRE/K2MgZTjWy725IfelLeVcEM97mmtRGXw==",
      "requires": {
        "binary-extensions": "^2.0.0"
      }
    },
    "is-extglob": {
      "version": "2.1.1",
      "resolved": "https://registry.npmjs.org/is-extglob/-/is-extglob-2.1.1.tgz",
      "integrity": "sha512-SbKbANkN603Vi4jEZv49LeVJMn4yGwsbzZworEoyEiutsN3nJYdbO36zfhGJ6QEDpOZIFkDtnq5JRxmvl3jsoQ=="
    },
    "is-glob": {
      "version": "4.0.3",
      "resolved": "https://registry.npmjs.org/is-glob/-/is-glob-4.0.3.tgz",
      "integrity": "sha512-xelSayHH36ZgE7ZWhli7pW34hNbNl8Ojv5KVmkJD4hBdD3th8Tfk9vYasLM+mXWOZhFkgZfxhLSnrwRr4elSSg==",
      "requires": {
        "is-extglob": "^2.1.1"
      }
    },
    "is-number": {
      "version": "7.0.0",
      "resolved": "https://registry.npmjs.org/is-number/-/is-number-7.0.0.tgz",
      "integrity": "sha512-41Cifkg6e8TylSpdtTpeLVMqvSBEVzTttHvERD741+pnZ8ANv0004MRL43QKPDlK9cGvNp6NZWZUBlbGXYxxng=="
    },
    "normalize-path": {
      "version": "3.0.0",
      "resolved": "https://registry.npmjs.org/normalize-path/-/normalize-path-3.0.0.tgz",
      "integrity": "sha512-6eZs5Ls3WtCisHWp9S2GUy8dqkpGi4BVSz3GaqiE6ezub0512ESztXUwUB6C6IKbQkY2Pnb/mD4WYojCRwcwLA=="
    },
    "picomatch": {
      "version": "2.3.1",
      "resolved": "https://registry.npmjs.org/picomatch/-/picomatch-2.3.1.tgz",
      "integrity": "sha512-JU3teHTNjmE2VCGFzuY8EXzCDVwEqB2a8fsIvwaStHhAWJEeVd1o1QD80CU6+ZdEXXSLbSsuLwJjkCBWqRQUVA=="
    },
    "readdirp": {
      "version": "3.6.0",
      "resolved": "https://registry.npmjs.org/readdirp/-/readdirp-3.6.0.tgz",
      "integrity": "sha512-hOS089on8RduqdbhvQ5Z37A0ESjsqz6qnRcffsMU3495FuTdqSm+7bhJ29JvIOsBDEEnan5DPu9t3To9VRlMzA==",
      "requires": {
        "picomatch": "^2.2.1"
      }
    },
    "sass": {
      "version": "1.56.1",
      "resolved": "https://registry.npmjs.org/sass/-/sass-1.56.1.tgz",
      "integrity": "sha512-VpEyKpyBPCxE7qGDtOcdJ6fFbcpOM+Emu7uZLxVrkX8KVU/Dp5UF7WLvzqRuUhB6mqqQt1xffLoG+AndxTZrCQ==",
      "requires": {
        "chokidar": ">=3.0.0 <4.0.0",
        "immutable": "^4.0.0",
        "source-map-js": ">=0.6.2 <2.0.0"
      }
    },
    "source-map-js": {
      "version": "1.0.2",
      "resolved": "https://registry.npmjs.org/source-map-js/-/source-map-js-1.0.2.tgz",
      "integrity": "sha512-R0XvVJ9WusLiqTCEiGCmICCMplcCkIwwR11mOSD9CR5u+IXYdiseeEuXCVAjS54zqwkLcPNnmU4OeJ6tUrWhDw=="
    },
    "to-regex-range": {
      "version": "5.0.1",
      "resolved": "https://registry.npmjs.org/to-regex-range/-/to-regex-range-5.0.1.tgz",
      "integrity": "sha512-65P7iz6X5yEr1cwcgvQxbbIw7Uk3gOy5dIdtZ4rDveLqhrdJP+Li/Hx6tyK0NEb+2GCyneCMJiGqrADCSNk8sQ==",
      "requires": {
        "is-number": "^7.0.0"
      }
    }
  }
}
